{
  "nodes": {
    "firefox-addons": {
      "inputs": {
        "nixpkgs": "nixpkgs"
      },
      "locked": {
        "dir": "pkgs/firefox-addons",
        "lastModified": 1744974023,
        "narHash": "sha256-7P4gZOxx5hmHNW++vtsWILxuPO1RB+8kyKDDQ7Ij10Q=",
        "owner": "rycee",
        "repo": "nur-expressions",
        "rev": "d53de206d64dd4581b5d5bbc7dcb2e8c5a1d836a",
        "type": "gitlab"
      },
      "original": {
        "dir": "pkgs/firefox-addons",
        "owner": "rycee",
        "repo": "nur-expressions",
        "type": "gitlab"
      }
    },
    "home-manager": {
      "inputs": {
        "nixpkgs": [
          "nixpkgs"
        ]
      },
      "locked": {
        "lastModified": 1745205007,
        "narHash": "sha256-k67bEcLkSo13TIBfs0CGYkJjG12aaikabMtxWbSeqr0=",
        "owner": "nix-community",
        "repo": "home-manager",
        "rev": "3fbe9a2b76ff5c4dcb2a2a2027dac31cfc993c8c",
        "type": "github"
      },
      "original": {
        "owner": "nix-community",
        "repo": "home-manager",
        "type": "github"
      }
    },
    "impermanence": {
      "locked": {
        "lastModified": 1737831083,
        "narHash": "sha256-LJggUHbpyeDvNagTUrdhe/pRVp4pnS6wVKALS782gRI=",
        "owner": "nix-community",
        "repo": "impermanence",
        "rev": "4b3e914cdf97a5b536a889e939fb2fd2b043a170",
        "type": "github"
      },
      "original": {
        "owner": "nix-community",
        "repo": "impermanence",
        "type": "github"
      }
    },
    "nixarr": {
      "inputs": {
        "nixpkgs": "nixpkgs_2",
        "vpnconfinement": "vpnconfinement",
        "website-builder": "website-builder"
      },
      "locked": {
        "lastModified": 1743834822,
        "narHash": "sha256-VZZrnfnhhrS1f02Ewyx8OBotsGzRouJRn6Q4JK0HVjk=",
        "owner": "rasmus-kirk",
        "repo": "nixarr",
        "rev": "2038a5985b230668a491d25bf5298fd48781676a",
        "type": "github"
      },
      "original": {
        "owner": "rasmus-kirk",
        "repo": "nixarr",
        "type": "github"
      }
    },
    "nixpkgs": {
      "locked": {
        "lastModified": 1744536153,
        "narHash": "sha256-awS2zRgF4uTwrOKwwiJcByDzDOdo3Q1rPZbiHQg/N38=",
        "owner": "nixos",
        "repo": "nixpkgs",
        "rev": "18dd725c29603f582cf1900e0d25f9f1063dbf11",
        "type": "github"
      },
      "original": {
        "owner": "nixos",
        "ref": "nixpkgs-unstable",
        "repo": "nixpkgs",
        "type": "github"
      }
    },
    "nixpkgs-stable": {
      "locked": {
        "lastModified": 1735563628,
        "narHash": "sha256-OnSAY7XDSx7CtDoqNh8jwVwh4xNL/2HaJxGjryLWzX8=",
        "owner": "nixos",
        "repo": "nixpkgs",
        "rev": "b134951a4c9f3c995fd7be05f3243f8ecd65d798",
        "type": "github"
      },
      "original": {
        "owner": "nixos",
        "ref": "nixos-24.05",
        "repo": "nixpkgs",
        "type": "github"
      }
    },
    "nixpkgs_2": {
      "locked": {
        "lastModified": 1741402956,
        "narHash": "sha256-y2hByvBM03s9T2fpeLjW6iprbxnhV9mJMmSwCHc41ZQ=",
        "owner": "nixos",
        "repo": "nixpkgs",
        "rev": "ed0b1881565c1ffef490c10d663d4f542031dad3",
        "type": "github"
      },
      "original": {
        "owner": "nixos",
        "ref": "nixpkgs-unstable",
        "repo": "nixpkgs",
        "type": "github"
      }
    },
    "nixpkgs_3": {
      "locked": {
        "lastModified": 1744932701,
        "narHash": "sha256-fusHbZCyv126cyArUwwKrLdCkgVAIaa/fQJYFlCEqiU=",
        "owner": "nixos",
        "repo": "nixpkgs",
        "rev": "b024ced1aac25639f8ca8fdfc2f8c4fbd66c48ef",
        "type": "github"
      },
      "original": {
        "owner": "nixos",
        "ref": "nixos-unstable",
        "repo": "nixpkgs",
        "type": "github"
      }
    },
    "root": {
      "inputs": {
        "firefox-addons": "firefox-addons",
        "home-manager": "home-manager",
        "impermanence": "impermanence",
        "nixarr": "nixarr",
        "nixpkgs": "nixpkgs_3",
        "nixpkgs-stable": "nixpkgs-stable"
      }
    },
    "vpnconfinement": {
      "locked": {
        "lastModified": 1740921534,
        "narHash": "sha256-orXe3m04DLTW3I19VVanClzpqeq7adnDTqKAD7aPbA8=",
        "owner": "Maroka-chan",
        "repo": "VPN-Confinement",
        "rev": "5eb7dc3e901f4dbb085eb37f5785473a9ae78bc4",
        "type": "github"
      },
      "original": {
        "owner": "Maroka-chan",
        "repo": "VPN-Confinement",
        "type": "github"
      }
    },
    "website-builder": {
      "inputs": {
        "nixpkgs": [
          "nixarr",
          "nixpkgs"
        ]
      },
      "locked": {
        "lastModified": 1741594814,
        "narHash": "sha256-YPAIywsWZVhQuy/cPJLi3PiWgoWDrqvQCBytXeSQYCk=",
        "owner": "rasmus-kirk",
        "repo": "website-builder",
        "rev": "e0239195b33103a4923011d8e96ef39a3397631b",
        "type": "github"
      },
      "original": {
        "owner": "rasmus-kirk",
        "repo": "website-builder",
        "type": "github"
      }
    }
  },
  "root": "root",
  "version": 7
}
